github.com/PeterCullenBurbery/go_functions_002 v0.8.0 h1:tVRzrau5eYk8mVfpBkpIZFvsHEG98ZD+jhsp3gAuEOw=
github.com/PeterCullenBurbery/go_functions_002 v0.8.0/go.mod h1:uEYgjiL/JX6eqzMaIRGtfofEz4FB1bOMlyFJ9t441Vc=
github.com/PeterCullenBurbery/go_functions_002 v0.9.0 h1:yhgad3csKnRLMCZVWSU7Q3UUBKKpTj0+r0HzJKUro8s=
github.com/PeterCullenBurbery/go_functions_002 v0.9.0/go.mod h1:uEYgjiL/JX6eqzMaIRGtfofEz4FB1bOMlyFJ9t441Vc=
